
Microsoft Visual Studio Solution File, Format Version 12.00
# Visual Studio Version 17
VisualStudioVersion = 17.0.31903.59
MinimumVisualStudioVersion = 10.0.40219.1
Project("{FAE04EC0-301F-11D3-BF4B-00C04F79EFBC}") = "InertiCorp.Game", "InertiCorp.Game.csproj", "{1A4F87BE-F55C-479E-BE2C-F603292C908A}"
EndProject
Project("{FAE04EC0-301F-11D3-BF4B-00C04F79EFBC}") = "InertiCorp.Core", "..\InertiCorp.Core\InertiCorp.Core.csproj", "{996552C4-7B4C-484E-B6BF-7EC688D12918}"
EndProject
Global
	GlobalSection(SolutionConfigurationPlatforms) = preSolution
		Debug|Any CPU = Debug|Any CPU
		ExportDebug|Any CPU = ExportDebug|Any CPU
		ExportRelease|Any CPU = ExportRelease|Any CPU
		Release|Any CPU = Release|Any CPU
	EndGlobalSection
	GlobalSection(SolutionProperties) = preSolution
		HideSolutionNode = FALSE
	EndGlobalSection
	GlobalSection(ProjectConfigurationPlatforms) = postSolution
		{1A4F87BE-F55C-479E-BE2C-F603292C908A}.Debug|Any CPU.ActiveCfg = Debug|Any CPU
		{1A4F87BE-F55C-479E-BE2C-F603292C908A}.Debug|Any CPU.Build.0 = Debug|Any CPU
		{1A4F87BE-F55C-479E-BE2C-F603292C908A}.ExportDebug|Any CPU.ActiveCfg = ExportDebug|Any CPU
		{1A4F87BE-F55C-479E-BE2C-F603292C908A}.ExportDebug|Any CPU.Build.0 = ExportDebug|Any CPU
		{1A4F87BE-F55C-479E-BE2C-F603292C908A}.ExportRelease|Any CPU.ActiveCfg = ExportRelease|Any CPU
		{1A4F87BE-F55C-479E-BE2C-F603292C908A}.ExportRelease|Any CPU.Build.0 = ExportRelease|Any CPU
		{1A4F87BE-F55C-479E-BE2C-F603292C908A}.Release|Any CPU.ActiveCfg = Release|Any CPU
		{1A4F87BE-F55C-479E-BE2C-F603292C908A}.Release|Any CPU.Build.0 = Release|Any CPU
		{996552C4-7B4C-484E-B6BF-7EC688D12918}.Debug|Any CPU.ActiveCfg = Debug|Any CPU
		{996552C4-7B4C-484E-B6BF-7EC688D12918}.Debug|Any CPU.Build.0 = Debug|Any CPU
		{996552C4-7B4C-484E-B6BF-7EC688D12918}.ExportDebug|Any CPU.ActiveCfg = ExportDebug|Any CPU
		{996552C4-7B4C-484E-B6BF-7EC688D12918}.ExportDebug|Any CPU.Build.0 = ExportDebug|Any CPU
		{996552C4-7B4C-484E-B6BF-7EC688D12918}.ExportRelease|Any CPU.ActiveCfg = ExportRelease|Any CPU
		{996552C4-7B4C-484E-B6BF-7EC688D12918}.ExportRelease|Any CPU.Build.0 = ExportRelease|Any CPU
		{996552C4-7B4C-484E-B6BF-7EC688D12918}.Release|Any CPU.ActiveCfg = Release|Any CPU
		{996552C4-7B4C-484E-B6BF-7EC688D12918}.Release|Any CPU.Build.0 = Release|Any CPU
	EndGlobalSection
EndGlobal
